
Microsoft Visual Studio Solution File, Format Version 12.00
# Visual Studio Version 17
VisualStudioVersion = 17.9.34728.123
MinimumVisualStudioVersion = 10.0.40219.1
Project("{FAE04EC0-301F-11D3-BF4B-00C04F79EFBC}") = "WebApi2", "WebApi2.csproj", "{413CCBB2-EDCD-45EE-8274-A03F45068186}"
EndProject
Project("{FAE04EC0-301F-11D3-BF4B-00C04F79EFBC}") = "SharedModels", "..\SharedModels\SharedModels.csproj", "{5E1C82CB-02D8-46C8-9029-A87BB65513D1}"
EndProject
Project("{FAE04EC0-301F-11D3-BF4B-00C04F79EFBC}") = "WinFormsApp2", "..\WinFormsApp2\WinFormsApp2.csproj", "{9C00E955-6CF7-4937-959B-E7CBC1EAC43B}"
EndProject
Global
	GlobalSection(SolutionConfigurationPlatforms) = preSolution
		Debug|Any CPU = Debug|Any CPU
		Release|Any CPU = Release|Any CPU
	EndGlobalSection
	GlobalSection(ProjectConfigurationPlatforms) = postSolution
		{413CCBB2-EDCD-45EE-8274-A03F45068186}.Debug|Any CPU.ActiveCfg = Debug|Any CPU
		{413CCBB2-EDCD-45EE-8274-A03F45068186}.Debug|Any CPU.Build.0 = Debug|Any CPU
		{413CCBB2-EDCD-45EE-8274-A03F45068186}.Release|Any CPU.ActiveCfg = Release|Any CPU
		{413CCBB2-EDCD-45EE-8274-A03F45068186}.Release|Any CPU.Build.0 = Release|Any CPU
		{5E1C82CB-02D8-46C8-9029-A87BB65513D1}.Debug|Any CPU.ActiveCfg = Debug|Any CPU
		{5E1C82CB-02D8-46C8-9029-A87BB65513D1}.Debug|Any CPU.Build.0 = Debug|Any CPU
		{5E1C82CB-02D8-46C8-9029-A87BB65513D1}.Release|Any CPU.ActiveCfg = Release|Any CPU
		{5E1C82CB-02D8-46C8-9029-A87BB65513D1}.Release|Any CPU.Build.0 = Release|Any CPU
		{9C00E955-6CF7-4937-959B-E7CBC1EAC43B}.Debug|Any CPU.ActiveCfg = Debug|Any CPU
		{9C00E955-6CF7-4937-959B-E7CBC1EAC43B}.Debug|Any CPU.Build.0 = Debug|Any CPU
		{9C00E955-6CF7-4937-959B-E7CBC1EAC43B}.Release|Any CPU.ActiveCfg = Release|Any CPU
		{9C00E955-6CF7-4937-959B-E7CBC1EAC43B}.Release|Any CPU.Build.0 = Release|Any CPU
	EndGlobalSection
	GlobalSection(SolutionProperties) = preSolution
		HideSolutionNode = FALSE
	EndGlobalSection
	GlobalSection(ExtensibilityGlobals) = postSolution
		SolutionGuid = {5535BB7C-C616-4A86-ACEA-1F12621AABBB}
	EndGlobalSection
EndGlobal
